
Microsoft Visual Studio Solution File, Format Version 12.00
# Visual Studio Version 17
VisualStudioVersion = 17.0.32014.148
MinimumVisualStudioVersion = 10.0.40219.1
Project("{9A19103F-16F7-4668-BE54-9A1E7A4F7556}") = "SpassmitStrings", "HelloWorld\SpassmitStrings.csproj", "{7B2CEB9B-2B65-445F-A4DC-2190ECDC2931}"
EndProject
Project("{9A19103F-16F7-4668-BE54-9A1E7A4F7556}") = "Kontrollstrukt.", "Kontrollstrukt\Kontrollstrukt..csproj", "{608CDF8A-9C40-47C5-8C5F-35CC8BF82139}"
EndProject
Project("{9A19103F-16F7-4668-BE54-9A1E7A4F7556}") = "Calculator", "Calculator\Calculator.csproj", "{9DB9B798-12AD-473F-BC84-A8D68CCA7466}"
EndProject
Project("{9A19103F-16F7-4668-BE54-9A1E7A4F7556}") = "Utility", "Utility\Utility.csproj", "{80200916-9BC8-4701-AA26-D8340CFDFDC7}"
EndProject
Project("{9A19103F-16F7-4668-BE54-9A1E7A4F7556}") = "TestUtilities", "TestUtilities\TestUtilities.csproj", "{7FB120C9-FEB4-4196-8CA1-844ECA96D1FA}"
EndProject
Project("{FAE04EC0-301F-11D3-BF4B-00C04F79EFBC}") = "SpassmitKlassen", "SpassmitKlassen\SpassmitKlassen.csproj", "{96152CDC-DE87-4597-A221-4182B9137CEA}"
EndProject
Global
	GlobalSection(SolutionConfigurationPlatforms) = preSolution
		Debug|Any CPU = Debug|Any CPU
		Release|Any CPU = Release|Any CPU
	EndGlobalSection
	GlobalSection(ProjectConfigurationPlatforms) = postSolution
		{7B2CEB9B-2B65-445F-A4DC-2190ECDC2931}.Debug|Any CPU.ActiveCfg = Debug|Any CPU
		{7B2CEB9B-2B65-445F-A4DC-2190ECDC2931}.Debug|Any CPU.Build.0 = Debug|Any CPU
		{7B2CEB9B-2B65-445F-A4DC-2190ECDC2931}.Release|Any CPU.ActiveCfg = Release|Any CPU
		{7B2CEB9B-2B65-445F-A4DC-2190ECDC2931}.Release|Any CPU.Build.0 = Release|Any CPU
		{608CDF8A-9C40-47C5-8C5F-35CC8BF82139}.Debug|Any CPU.ActiveCfg = Debug|Any CPU
		{608CDF8A-9C40-47C5-8C5F-35CC8BF82139}.Debug|Any CPU.Build.0 = Debug|Any CPU
		{608CDF8A-9C40-47C5-8C5F-35CC8BF82139}.Release|Any CPU.ActiveCfg = Release|Any CPU
		{608CDF8A-9C40-47C5-8C5F-35CC8BF82139}.Release|Any CPU.Build.0 = Release|Any CPU
		{9DB9B798-12AD-473F-BC84-A8D68CCA7466}.Debug|Any CPU.ActiveCfg = Debug|Any CPU
		{9DB9B798-12AD-473F-BC84-A8D68CCA7466}.Debug|Any CPU.Build.0 = Debug|Any CPU
		{9DB9B798-12AD-473F-BC84-A8D68CCA7466}.Release|Any CPU.ActiveCfg = Release|Any CPU
		{9DB9B798-12AD-473F-BC84-A8D68CCA7466}.Release|Any CPU.Build.0 = Release|Any CPU
		{80200916-9BC8-4701-AA26-D8340CFDFDC7}.Debug|Any CPU.ActiveCfg = Debug|Any CPU
		{80200916-9BC8-4701-AA26-D8340CFDFDC7}.Debug|Any CPU.Build.0 = Debug|Any CPU
		{80200916-9BC8-4701-AA26-D8340CFDFDC7}.Release|Any CPU.ActiveCfg = Release|Any CPU
		{80200916-9BC8-4701-AA26-D8340CFDFDC7}.Release|Any CPU.Build.0 = Release|Any CPU
		{7FB120C9-FEB4-4196-8CA1-844ECA96D1FA}.Debug|Any CPU.ActiveCfg = Debug|Any CPU
		{7FB120C9-FEB4-4196-8CA1-844ECA96D1FA}.Debug|Any CPU.Build.0 = Debug|Any CPU
		{7FB120C9-FEB4-4196-8CA1-844ECA96D1FA}.Release|Any CPU.ActiveCfg = Release|Any CPU
		{7FB120C9-FEB4-4196-8CA1-844ECA96D1FA}.Release|Any CPU.Build.0 = Release|Any CPU
		{96152CDC-DE87-4597-A221-4182B9137CEA}.Debug|Any CPU.ActiveCfg = Debug|Any CPU
		{96152CDC-DE87-4597-A221-4182B9137CEA}.Debug|Any CPU.Build.0 = Debug|Any CPU
		{96152CDC-DE87-4597-A221-4182B9137CEA}.Release|Any CPU.ActiveCfg = Release|Any CPU
		{96152CDC-DE87-4597-A221-4182B9137CEA}.Release|Any CPU.Build.0 = Release|Any CPU
	EndGlobalSection
	GlobalSection(SolutionProperties) = preSolution
		HideSolutionNode = FALSE
	EndGlobalSection
	GlobalSection(ExtensibilityGlobals) = postSolution
		SolutionGuid = {6440D58F-F218-4084-9656-1EC379BD5066}
	EndGlobalSection
EndGlobal
